// !$*UTF8*$!
{
	archiveVersion = 1;
	classes = {
	};
	objectVersion = 90;
	objects = {

/* Begin PBXBuildFile section */
		4224F6AE2EA113C2003D8C48 /* CatalogView.swift in Sources */ = {isa = PBXBuildFile; fileRef = 4224F6AD2EA113C2003D8C48 /* CatalogView.swift */; };
		4224F6B02EA29E3A003D8C48 /* PhoneDetailsPresenter.swift in Sources */ = {isa = PBXBuildFile; fileRef = 4224F6AF2EA29E3A003D8C48 /* PhoneDetailsPresenter.swift */; };
		4224F6B22EA2C8FA003D8C48 /* InnovationsViewModel.swift in Sources */ = {isa = PBXBuildFile; fileRef = 4224F6B12EA2C8FA003D8C48 /* InnovationsViewModel.swift */; };
		426EA8FC2EB74D3500B45F84 /* DogBreedDetailsContract.swift in Sources */ = {isa = PBXBuildFile; fileRef = 426EA8FB2EB74D3500B45F84 /* DogBreedDetailsContract.swift */; };
		42E56C7A2E9C1AFE003E7EEC /* PhoneDetailsViewController.swift in Sources */ = {isa = PBXBuildFile; fileRef = 42E56C792E9C1AFE003E7EEC /* PhoneDetailsViewController.swift */; };
		42E56C822E9CF0E8003E7EEC /* InnovationsViewController.swift in Sources */ = {isa = PBXBuildFile; fileRef = 42E56C812E9CF0E8003E7EEC /* InnovationsViewController.swift */; };
		42F534842EAF77AF009C3577 /* DogBreedEntities.swift in Sources */ = {isa = PBXBuildFile; fileRef = 42F534832EAF77AF009C3577 /* DogBreedEntities.swift */; };
		42F534B22EAF8091009C3577 /* DogBreedDetailsViewController.swift in Sources */ = {isa = PBXBuildFile; fileRef = 42F534B12EAF8091009C3577 /* DogBreedDetailsViewController.swift */; };
		42F534E02EAFADEA009C3577 /* DogBreedDetailsInteractor.swift in Sources */ = {isa = PBXBuildFile; fileRef = 42F534DF2EAFADEA009C3577 /* DogBreedDetailsInteractor.swift */; };
		42F534E22EAFB328009C3577 /* DogBreedDetailsRouter.swift in Sources */ = {isa = PBXBuildFile; fileRef = 42F534E12EAFB328009C3577 /* DogBreedDetailsRouter.swift */; };
		42F534E62EAFB55D009C3577 /* DogBreedDetailsPresenter.swift in Sources */ = {isa = PBXBuildFile; fileRef = 42F534E52EAFB55D009C3577 /* DogBreedDetailsPresenter.swift */; };
		42F534EA2EAFB9B4009C3577 /* DogBreedDetailsBuilder.swift in Sources */ = {isa = PBXBuildFile; fileRef = 42F534E92EAFB9B4009C3577 /* DogBreedDetailsBuilder.swift */; };
		42F534EC2EAFBBCA009C3577 /* DogBreedCatalog.swift in Sources */ = {isa = PBXBuildFile; fileRef = 42F534EB2EAFBBCA009C3577 /* DogBreedCatalog.swift */; };
		42F534EE2EAFC546009C3577 /* DogsBreedsView.swift in Sources */ = {isa = PBXBuildFile; fileRef = 42F534ED2EAFC546009C3577 /* DogsBreedsView.swift */; };
		42F534F02EAFFA9B009C3577 /* DogBreedCell.swift in Sources */ = {isa = PBXBuildFile; fileRef = 42F534EF2EAFFA9B009C3577 /* DogBreedCell.swift */; };
		42F534F22EB0CC1B009C3577 /* AdPhoneCell.swift in Sources */ = {isa = PBXBuildFile; fileRef = 42F534F12EB0CC1B009C3577 /* AdPhoneCell.swift */; };
		42F646F02E96889D00B82F72 /* Assets.xcassets in Resources */ = {isa = PBXBuildFile; fileRef = 42F646E72E96889D00B82F72 /* Assets.xcassets */; };
		42F646F22E96889D00B82F72 /* LaunchScreen.storyboard in Resources */ = {isa = PBXBuildFile; fileRef = 42F646EA2E96889D00B82F72 /* LaunchScreen.storyboard */; };
		42F646F42E96889D00B82F72 /* AppDelegate.swift in Sources */ = {isa = PBXBuildFile; fileRef = 42F646E62E96889D00B82F72 /* AppDelegate.swift */; };
		42F646F52E96889D00B82F72 /* SceneDelegate.swift in Sources */ = {isa = PBXBuildFile; fileRef = 42F646ED2E96889D00B82F72 /* SceneDelegate.swift */; };
		42F646F82E96A4E600B82F72 /* CatalogViewController.swift in Sources */ = {isa = PBXBuildFile; fileRef = 42F646F72E96A4E600B82F72 /* CatalogViewController.swift */; };
		42F647102E97F3C300B82F72 /* PhoneCatalogModel.swift in Sources */ = {isa = PBXBuildFile; fileRef = 42F6470F2E97F3C300B82F72 /* PhoneCatalogModel.swift */; };
		42F647122E98E88400B82F72 /* PhoneCell.swift in Sources */ = {isa = PBXBuildFile; fileRef = 42F647112E98E88400B82F72 /* PhoneCell.swift */; };
/* End PBXBuildFile section */

/* Begin PBXFileReference section */
		4224F6AD2EA113C2003D8C48 /* CatalogView.swift */ = {isa = PBXFileReference; lastKnownFileType = sourcecode.swift; path = CatalogView.swift; sourceTree = "<group>"; };
		4224F6AF2EA29E3A003D8C48 /* PhoneDetailsPresenter.swift */ = {isa = PBXFileReference; lastKnownFileType = sourcecode.swift; path = PhoneDetailsPresenter.swift; sourceTree = "<group>"; };
		4224F6B12EA2C8FA003D8C48 /* InnovationsViewModel.swift */ = {isa = PBXFileReference; lastKnownFileType = sourcecode.swift; path = InnovationsViewModel.swift; sourceTree = "<group>"; };
		426EA8FB2EB74D3500B45F84 /* DogBreedDetailsContract.swift */ = {isa = PBXFileReference; lastKnownFileType = sourcecode.swift; path = DogBreedDetailsContract.swift; sourceTree = "<group>"; };
		42E56C792E9C1AFE003E7EEC /* PhoneDetailsViewController.swift */ = {isa = PBXFileReference; lastKnownFileType = sourcecode.swift; path = PhoneDetailsViewController.swift; sourceTree = "<group>"; };
		42E56C812E9CF0E8003E7EEC /* InnovationsViewController.swift */ = {isa = PBXFileReference; lastKnownFileType = sourcecode.swift; path = InnovationsViewController.swift; sourceTree = "<group>"; };
		42F534832EAF77AF009C3577 /* DogBreedEntities.swift */ = {isa = PBXFileReference; lastKnownFileType = sourcecode.swift; path = DogBreedEntities.swift; sourceTree = "<group>"; };
		42F534B12EAF8091009C3577 /* DogBreedDetailsViewController.swift */ = {isa = PBXFileReference; lastKnownFileType = sourcecode.swift; path = DogBreedDetailsViewController.swift; sourceTree = "<group>"; };
		42F534DF2EAFADEA009C3577 /* DogBreedDetailsInteractor.swift */ = {isa = PBXFileReference; lastKnownFileType = sourcecode.swift; path = DogBreedDetailsInteractor.swift; sourceTree = "<group>"; };
		42F534E12EAFB328009C3577 /* DogBreedDetailsRouter.swift */ = {isa = PBXFileReference; lastKnownFileType = sourcecode.swift; path = DogBreedDetailsRouter.swift; sourceTree = "<group>"; };
		42F534E52EAFB55D009C3577 /* DogBreedDetailsPresenter.swift */ = {isa = PBXFileReference; lastKnownFileType = sourcecode.swift; path = DogBreedDetailsPresenter.swift; sourceTree = "<group>"; };
		42F534E92EAFB9B4009C3577 /* DogBreedDetailsBuilder.swift */ = {isa = PBXFileReference; lastKnownFileType = sourcecode.swift; path = DogBreedDetailsBuilder.swift; sourceTree = "<group>"; };
		42F534EB2EAFBBCA009C3577 /* DogBreedCatalog.swift */ = {isa = PBXFileReference; lastKnownFileType = sourcecode.swift; path = DogBreedCatalog.swift; sourceTree = "<group>"; };
		42F534ED2EAFC546009C3577 /* DogsBreedsView.swift */ = {isa = PBXFileReference; lastKnownFileType = sourcecode.swift; path = DogsBreedsView.swift; sourceTree = "<group>"; };
		42F534EF2EAFFA9B009C3577 /* DogBreedCell.swift */ = {isa = PBXFileReference; lastKnownFileType = sourcecode.swift; path = DogBreedCell.swift; sourceTree = "<group>"; };
		42F534F12EB0CC1B009C3577 /* AdPhoneCell.swift */ = {isa = PBXFileReference; lastKnownFileType = sourcecode.swift; path = AdPhoneCell.swift; sourceTree = "<group>"; };
		42F646CE2E96883B00B82F72 /* CollectionApp.app */ = {isa = PBXFileReference; explicitFileType = wrapper.application; includeInIndex = 0; path = CollectionApp.app; sourceTree = BUILT_PRODUCTS_DIR; };
		42F646E62E96889D00B82F72 /* AppDelegate.swift */ = {isa = PBXFileReference; lastKnownFileType = sourcecode.swift; path = AppDelegate.swift; sourceTree = "<group>"; };
		42F646E72E96889D00B82F72 /* Assets.xcassets */ = {isa = PBXFileReference; lastKnownFileType = folder.assetcatalog; path = Assets.xcassets; sourceTree = "<group>"; };
		42F646E82E96889D00B82F72 /* Info.plist */ = {isa = PBXFileReference; lastKnownFileType = text.plist.xml; path = Info.plist; sourceTree = "<group>"; };
		42F646E92E96889D00B82F72 /* Base */ = {isa = PBXFileReference; lastKnownFileType = file.storyboard; name = Base; path = Base.lproj/LaunchScreen.storyboard; sourceTree = "<group>"; };
		42F646ED2E96889D00B82F72 /* SceneDelegate.swift */ = {isa = PBXFileReference; lastKnownFileType = sourcecode.swift; path = SceneDelegate.swift; sourceTree = "<group>"; };
		42F646F72E96A4E600B82F72 /* CatalogViewController.swift */ = {isa = PBXFileReference; lastKnownFileType = sourcecode.swift; path = CatalogViewController.swift; sourceTree = "<group>"; };
		42F6470F2E97F3C300B82F72 /* PhoneCatalogModel.swift */ = {isa = PBXFileReference; lastKnownFileType = sourcecode.swift; path = PhoneCatalogModel.swift; sourceTree = "<group>"; };
		42F647112E98E88400B82F72 /* PhoneCell.swift */ = {isa = PBXFileReference; lastKnownFileType = sourcecode.swift; path = PhoneCell.swift; sourceTree = "<group>"; };
/* End PBXFileReference section */

/* Begin PBXFrameworksBuildPhase section */
		42F646CB2E96883B00B82F72 /* Frameworks */ = {
			isa = PBXFrameworksBuildPhase;
			files = (
			);
		};
/* End PBXFrameworksBuildPhase section */

/* Begin PBXGroup section */
		42C9985F2EA4E39100470A98 /* App */ = {
			isa = PBXGroup;
			children = (
				42F646E62E96889D00B82F72 /* AppDelegate.swift */,
				42F646ED2E96889D00B82F72 /* SceneDelegate.swift */,
			);
			path = App;
			sourceTree = "<group>";
		};
		42C998602EA4E52600470A98 /* Resources */ = {
			isa = PBXGroup;
			children = (
				42F646EA2E96889D00B82F72 /* LaunchScreen.storyboard */,
				42F646E72E96889D00B82F72 /* Assets.xcassets */,
				42F646E82E96889D00B82F72 /* Info.plist */,
			);
			path = Resources;
			sourceTree = "<group>";
		};
		42C998612EA4E74800470A98 /* View */ = {
			isa = PBXGroup;
			children = (
				4224F6AD2EA113C2003D8C48 /* CatalogView.swift */,
				42C998762EA5210200470A98 /* Cells */,
			);
			path = View;
			sourceTree = "<group>";
		};
		42C998622EA4E75A00470A98 /* Controller */ = {
			isa = PBXGroup;
			children = (
				42E56C792E9C1AFE003E7EEC /* PhoneDetailsViewController.swift */,
			);
			path = Controller;
			sourceTree = "<group>";
		};
		42C998642EA4EC2500470A98 /* Modules */ = {
			isa = PBXGroup;
			children = (
				42C998652EA4EC3E00470A98 /* Catalog */,
				42C998682EA4ECED00470A98 /* PhoneDetails */,
				42C9986B2EA4ED7100470A98 /* Innovations */,
			);
			path = Modules;
			sourceTree = "<group>";
		};
		42C998652EA4EC3E00470A98 /* Catalog */ = {
			isa = PBXGroup;
			children = (
				42C998612EA4E74800470A98 /* View */,
				42C998662EA4EC8A00470A98 /* Controller */,
				42C998672EA4ECB000470A98 /* Model */,
			);
			path = Catalog;
			sourceTree = "<group>";
		};
		42C998662EA4EC8A00470A98 /* Controller */ = {
			isa = PBXGroup;
			children = (
				42F646F72E96A4E600B82F72 /* CatalogViewController.swift */,
			);
			path = Controller;
			sourceTree = "<group>";
		};
		42C998672EA4ECB000470A98 /* Model */ = {
			isa = PBXGroup;
			children = (
				42F6470F2E97F3C300B82F72 /* PhoneCatalogModel.swift */,
			);
			path = Model;
			sourceTree = "<group>";
		};
		42C998682EA4ECED00470A98 /* PhoneDetails */ = {
			isa = PBXGroup;
			children = (
				42C998622EA4E75A00470A98 /* Controller */,
				42C9986A2EA4ED2000470A98 /* Presenter */,
			);
			path = PhoneDetails;
			sourceTree = "<group>";
		};
		42C9986A2EA4ED2000470A98 /* Presenter */ = {
			isa = PBXGroup;
			children = (
				4224F6AF2EA29E3A003D8C48 /* PhoneDetailsPresenter.swift */,
			);
			path = Presenter;
			sourceTree = "<group>";
		};
		42C9986B2EA4ED7100470A98 /* Innovations */ = {
			isa = PBXGroup;
			children = (
				42C9986C2EA4ED8E00470A98 /* Controller */,
				42C9986D2EA4EDA500470A98 /* ViewModel */,
			);
			path = Innovations;
			sourceTree = "<group>";
		};
		42C9986C2EA4ED8E00470A98 /* Controller */ = {
			isa = PBXGroup;
			children = (
				42E56C812E9CF0E8003E7EEC /* InnovationsViewController.swift */,
			);
			path = Controller;
			sourceTree = "<group>";
		};
		42C9986D2EA4EDA500470A98 /* ViewModel */ = {
			isa = PBXGroup;
			children = (
				4224F6B12EA2C8FA003D8C48 /* InnovationsViewModel.swift */,
			);
			path = ViewModel;
			sourceTree = "<group>";
		};
		42C998762EA5210200470A98 /* Cells */ = {
			isa = PBXGroup;
			children = (
				42F647112E98E88400B82F72 /* PhoneCell.swift */,
			);
			path = Cells;
			sourceTree = "<group>";
		};
		42F646C52E96883B00B82F72 = {
			isa = PBXGroup;
			children = (
				42F646EF2E96889D00B82F72 /* CollectionApp */,
				42F646CF2E96883B00B82F72 /* Products */,
			);
			sourceTree = "<group>";
		};
		42F646CF2E96883B00B82F72 /* Products */ = {
			isa = PBXGroup;
			children = (
				42F646CE2E96883B00B82F72 /* CollectionApp.app */,
			);
			name = Products;
			sourceTree = "<group>";
		};
		42F646EF2E96889D00B82F72 /* CollectionApp */ = {
			isa = PBXGroup;
			children = (
				42C9985F2EA4E39100470A98 /* App */,
				42C998642EA4EC2500470A98 /* Modules */,
				42C998602EA4E52600470A98 /* Resources */,
				42F534B12EAF8091009C3577 /* DogBreedDetailsViewController.swift */,
				42F534832EAF77AF009C3577 /* DogBreedEntities.swift */,
				42F534DF2EAFADEA009C3577 /* DogBreedDetailsInteractor.swift */,
				42F534E12EAFB328009C3577 /* DogBreedDetailsRouter.swift */,
				42F534E52EAFB55D009C3577 /* DogBreedDetailsPresenter.swift */,
				42F534E92EAFB9B4009C3577 /* DogBreedDetailsBuilder.swift */,
				42F534EB2EAFBBCA009C3577 /* DogBreedCatalog.swift */,
				42F534ED2EAFC546009C3577 /* DogsBreedsView.swift */,
				42F534EF2EAFFA9B009C3577 /* DogBreedCell.swift */,
				42F534F12EB0CC1B009C3577 /* AdPhoneCell.swift */,
				426EA8FB2EB74D3500B45F84 /* DogBreedDetailsContract.swift */,
			);
			path = CollectionApp;
			sourceTree = "<group>";
		};
/* End PBXGroup section */

/* Begin PBXNativeTarget section */
		42F646CD2E96883B00B82F72 /* CollectionApp */ = {
			isa = PBXNativeTarget;
			buildConfigurationList = 42F646E12E96883D00B82F72 /* Build configuration list for PBXNativeTarget "CollectionApp" */;
			buildPhases = (
				42F646CA2E96883B00B82F72 /* Sources */,
				42F646CB2E96883B00B82F72 /* Frameworks */,
				42F646CC2E96883B00B82F72 /* Resources */,
			);
			buildRules = (
			);
			name = CollectionApp;
			productName = CollectionApp;
			productReference = 42F646CE2E96883B00B82F72 /* CollectionApp.app */;
			productType = "com.apple.product-type.application";
		};
/* End PBXNativeTarget section */

/* Begin PBXProject section */
		42F646C62E96883B00B82F72 /* Project object */ = {
			isa = PBXProject;
			attributes = {
				BuildIndependentTargetsInParallel = 1;
				LastSwiftUpdateCheck = 2600;
				LastUpgradeCheck = 2600;
				TargetAttributes = {
					42F646CD2E96883B00B82F72 = {
						CreatedOnToolsVersion = 26.0.1;
					};
				};
			};
			buildConfigurationList = 42F646C92E96883B00B82F72 /* Build configuration list for PBXProject "CollectionApp" */;
			developmentRegion = en;
			hasScannedForEncodings = 0;
			knownRegions = (
				en,
				Base,
			);
			mainGroup = 42F646C52E96883B00B82F72;
			minimizedProjectReferenceProxies = 1;
			preferredProjectObjectVersion = 90;
			productRefGroup = 42F646CF2E96883B00B82F72 /* Products */;
			projectDirPath = "";
			projectRoot = "";
			targets = (
				42F646CD2E96883B00B82F72 /* CollectionApp */,
			);
		};
/* End PBXProject section */

/* Begin PBXResourcesBuildPhase section */
		42F646CC2E96883B00B82F72 /* Resources */ = {
			isa = PBXResourcesBuildPhase;
			files = (
				42F646F02E96889D00B82F72 /* Assets.xcassets in Resources */,
				42F646F22E96889D00B82F72 /* LaunchScreen.storyboard in Resources */,
			);
		};
/* End PBXResourcesBuildPhase section */

/* Begin PBXSourcesBuildPhase section */
		42F646CA2E96883B00B82F72 /* Sources */ = {
			isa = PBXSourcesBuildPhase;
			files = (
				42F534EA2EAFB9B4009C3577 /* DogBreedDetailsBuilder.swift in Sources */,
				4224F6B22EA2C8FA003D8C48 /* InnovationsViewModel.swift in Sources */,
				42F534EE2EAFC546009C3577 /* DogsBreedsView.swift in Sources */,
				42E56C822E9CF0E8003E7EEC /* InnovationsViewController.swift in Sources */,
				42F534842EAF77AF009C3577 /* DogBreedEntities.swift in Sources */,
				42F534B22EAF8091009C3577 /* DogBreedDetailsViewController.swift in Sources */,
				42F534E62EAFB55D009C3577 /* DogBreedDetailsPresenter.swift in Sources */,
				42F647102E97F3C300B82F72 /* PhoneCatalogModel.swift in Sources */,
				4224F6AE2EA113C2003D8C48 /* CatalogView.swift in Sources */,
				42F646F82E96A4E600B82F72 /* CatalogViewController.swift in Sources */,
				42F646F42E96889D00B82F72 /* AppDelegate.swift in Sources */,
				42F646F52E96889D00B82F72 /* SceneDelegate.swift in Sources */,
				42F534F02EAFFA9B009C3577 /* DogBreedCell.swift in Sources */,
				42F534EC2EAFBBCA009C3577 /* DogBreedCatalog.swift in Sources */,
				42E56C7A2E9C1AFE003E7EEC /* PhoneDetailsViewController.swift in Sources */,
				4224F6B02EA29E3A003D8C48 /* PhoneDetailsPresenter.swift in Sources */,
				42F534E22EAFB328009C3577 /* DogBreedDetailsRouter.swift in Sources */,
				42F647122E98E88400B82F72 /* PhoneCell.swift in Sources */,
				426EA8FC2EB74D3500B45F84 /* DogBreedDetailsContract.swift in Sources */,
				42F534E02EAFADEA009C3577 /* DogBreedDetailsInteractor.swift in Sources */,
				42F534F22EB0CC1B009C3577 /* AdPhoneCell.swift in Sources */,
			);
		};
/* End PBXSourcesBuildPhase section */

/* Begin PBXVariantGroup section */
		42F646EA2E96889D00B82F72 /* LaunchScreen.storyboard */ = {
			isa = PBXVariantGroup;
			children = (
				42F646E92E96889D00B82F72 /* Base */,
			);
			name = LaunchScreen.storyboard;
			sourceTree = "<group>";
		};
/* End PBXVariantGroup section */

/* Begin XCBuildConfiguration section */
		42F646E22E96883D00B82F72 /* Debug configuration for PBXNativeTarget "CollectionApp" */ = {
			isa = XCBuildConfiguration;
			buildSettings = {
				ASSETCATALOG_COMPILER_APPICON_NAME = AppIcon;
				ASSETCATALOG_COMPILER_GLOBAL_ACCENT_COLOR_NAME = AccentColor;
				CODE_SIGN_STYLE = Automatic;
				CURRENT_PROJECT_VERSION = 1;
				GENERATE_INFOPLIST_FILE = YES;
				INFOPLIST_FILE = CollectionApp/Resources/Info.plist;
				INFOPLIST_KEY_UIApplicationSupportsIndirectInputEvents = YES;
				INFOPLIST_KEY_UILaunchStoryboardName = LaunchScreen;
				INFOPLIST_KEY_UISupportedInterfaceOrientations_iPad = "UIInterfaceOrientationPortrait UIInterfaceOrientationPortraitUpsideDown UIInterfaceOrientationLandscapeLeft UIInterfaceOrientationLandscapeRight";
				INFOPLIST_KEY_UISupportedInterfaceOrientations_iPhone = "UIInterfaceOrientationPortrait UIInterfaceOrientationLandscapeLeft UIInterfaceOrientationLandscapeRight";
				IPHONEOS_DEPLOYMENT_TARGET = 16;
				LD_RUNPATH_SEARCH_PATHS = (
					"$(inherited)",
					"@executable_path/Frameworks",
				);
				MARKETING_VERSION = 1.0;
				PRODUCT_BUNDLE_IDENTIFIER = "Alexander-Shevtsov.CollectionApp";
				PRODUCT_NAME = "$(TARGET_NAME)";
				STRING_CATALOG_GENERATE_SYMBOLS = YES;
				SUPPORTED_PLATFORMS = "iphoneos iphonesimulator";
				SUPPORTS_MACCATALYST = NO;
				SUPPORTS_MAC_DESIGNED_FOR_IPHONE_IPAD = NO;
				SUPPORTS_XR_DESIGNED_FOR_IPHONE_IPAD = NO;
				SWIFT_APPROACHABLE_CONCURRENCY = YES;
				SWIFT_DEFAULT_ACTOR_ISOLATION = MainActor;
				SWIFT_EMIT_LOC_STRINGS = YES;
				SWIFT_UPCOMING_FEATURE_MEMBER_IMPORT_VISIBILITY = YES;
				SWIFT_VERSION = 5.0;
				TARGETED_DEVICE_FAMILY = 1;
			};
			name = Debug;
		};
		42F646E32E96883D00B82F72 /* Release configuration for PBXNativeTarget "CollectionApp" */ = {
			isa = XCBuildConfiguration;
			buildSettings = {
				ASSETCATALOG_COMPILER_APPICON_NAME = AppIcon;
				ASSETCATALOG_COMPILER_GLOBAL_ACCENT_COLOR_NAME = AccentColor;
				CODE_SIGN_STYLE = Automatic;
				CURRENT_PROJECT_VERSION = 1;
				GENERATE_INFOPLIST_FILE = YES;
				INFOPLIST_FILE = CollectionApp/Resources/Info.plist;
				INFOPLIST_KEY_UIApplicationSupportsIndirectInputEvents = YES;
				INFOPLIST_KEY_UILaunchStoryboardName = LaunchScreen;
				INFOPLIST_KEY_UISupportedInterfaceOrientations_iPad = "UIInterfaceOrientationPortrait UIInterfaceOrientationPortraitUpsideDown UIInterfaceOrientationLandscapeLeft UIInterfaceOrientationLandscapeRight";
				INFOPLIST_KEY_UISupportedInterfaceOrientations_iPhone = "UIInterfaceOrientationPortrait UIInterfaceOrientationLandscapeLeft UIInterfaceOrientationLandscapeRight";
				IPHONEOS_DEPLOYMENT_TARGET = 16;
				LD_RUNPATH_SEARCH_PATHS = (
					"$(inherited)",
					"@executable_path/Frameworks",
				);
				MARKETING_VERSION = 1.0;
				PRODUCT_BUNDLE_IDENTIFIER = "Alexander-Shevtsov.CollectionApp";
				PRODUCT_NAME = "$(TARGET_NAME)";
				STRING_CATALOG_GENERATE_SYMBOLS = YES;
				SUPPORTED_PLATFORMS = "iphoneos iphonesimulator";
				SUPPORTS_MACCATALYST = NO;
				SUPPORTS_MAC_DESIGNED_FOR_IPHONE_IPAD = NO;
				SUPPORTS_XR_DESIGNED_FOR_IPHONE_IPAD = NO;
				SWIFT_APPROACHABLE_CONCURRENCY = YES;
				SWIFT_DEFAULT_ACTOR_ISOLATION = MainActor;
				SWIFT_EMIT_LOC_STRINGS = YES;
				SWIFT_UPCOMING_FEATURE_MEMBER_IMPORT_VISIBILITY = YES;
				SWIFT_VERSION = 5.0;
				TARGETED_DEVICE_FAMILY = 1;
			};
			name = Release;
		};
		42F646E42E96883D00B82F72 /* Debug configuration for PBXProject "CollectionApp" */ = {
			isa = XCBuildConfiguration;
			buildSettings = {
				ALWAYS_SEARCH_USER_PATHS = NO;
				ASSETCATALOG_COMPILER_GENERATE_SWIFT_ASSET_SYMBOL_EXTENSIONS = YES;
				CLANG_ANALYZER_NONNULL = YES;
				CLANG_ANALYZER_NUMBER_OBJECT_CONVERSION = YES_AGGRESSIVE;
				CLANG_CXX_LANGUAGE_STANDARD = "gnu++20";
				CLANG_ENABLE_MODULES = YES;
				CLANG_ENABLE_OBJC_ARC = YES;
				CLANG_ENABLE_OBJC_WEAK = YES;
				CLANG_WARN_BLOCK_CAPTURE_AUTORELEASING = YES;
				CLANG_WARN_BOOL_CONVERSION = YES;
				CLANG_WARN_COMMA = YES;
				CLANG_WARN_CONSTANT_CONVERSION = YES;
				CLANG_WARN_DEPRECATED_OBJC_IMPLEMENTATIONS = YES;
				CLANG_WARN_DIRECT_OBJC_ISA_USAGE = YES_ERROR;
				CLANG_WARN_DOCUMENTATION_COMMENTS = YES;
				CLANG_WARN_EMPTY_BODY = YES;
				CLANG_WARN_ENUM_CONVERSION = YES;
				CLANG_WARN_INFINITE_RECURSION = YES;
				CLANG_WARN_INT_CONVERSION = YES;
				CLANG_WARN_NON_LITERAL_NULL_CONVERSION = YES;
				CLANG_WARN_OBJC_IMPLICIT_RETAIN_SELF = YES;
				CLANG_WARN_OBJC_LITERAL_CONVERSION = YES;
				CLANG_WARN_OBJC_ROOT_CLASS = YES_ERROR;
				CLANG_WARN_QUOTED_INCLUDE_IN_FRAMEWORK_HEADER = YES;
				CLANG_WARN_RANGE_LOOP_ANALYSIS = YES;
				CLANG_WARN_STRICT_PROTOTYPES = YES;
				CLANG_WARN_SUSPICIOUS_MOVE = YES;
				CLANG_WARN_UNGUARDED_AVAILABILITY = YES_AGGRESSIVE;
				CLANG_WARN_UNREACHABLE_CODE = YES;
				CLANG_WARN__DUPLICATE_METHOD_MATCH = YES;
				COPY_PHASE_STRIP = NO;
				DEBUG_INFORMATION_FORMAT = dwarf;
				ENABLE_STRICT_OBJC_MSGSEND = YES;
				ENABLE_TESTABILITY = YES;
				ENABLE_USER_SCRIPT_SANDBOXING = YES;
				GCC_C_LANGUAGE_STANDARD = gnu17;
				GCC_DYNAMIC_NO_PIC = NO;
				GCC_NO_COMMON_BLOCKS = YES;
				GCC_OPTIMIZATION_LEVEL = 0;
				GCC_PREPROCESSOR_DEFINITIONS = (
					"DEBUG=1",
					"$(inherited)",
				);
				GCC_WARN_64_TO_32_BIT_CONVERSION = YES;
				GCC_WARN_ABOUT_RETURN_TYPE = YES_ERROR;
				GCC_WARN_UNDECLARED_SELECTOR = YES;
				GCC_WARN_UNINITIALIZED_AUTOS = YES_AGGRESSIVE;
				GCC_WARN_UNUSED_FUNCTION = YES;
				GCC_WARN_UNUSED_VARIABLE = YES;
				IPHONEOS_DEPLOYMENT_TARGET = 26.0;
				LOCALIZATION_PREFERS_STRING_CATALOGS = YES;
				MTL_ENABLE_DEBUG_INFO = INCLUDE_SOURCE;
				MTL_FAST_MATH = YES;
				ONLY_ACTIVE_ARCH = YES;
				SDKROOT = iphoneos;
				SWIFT_ACTIVE_COMPILATION_CONDITIONS = "DEBUG $(inherited)";
				SWIFT_OPTIMIZATION_LEVEL = "-Onone";
			};
			name = Debug;
		};
		42F646E52E96883D00B82F72 /* Release configuration for PBXProject "CollectionApp" */ = {
			isa = XCBuildConfiguration;
			buildSettings = {
				ALWAYS_SEARCH_USER_PATHS = NO;
				ASSETCATALOG_COMPILER_GENERATE_SWIFT_ASSET_SYMBOL_EXTENSIONS = YES;
				CLANG_ANALYZER_NONNULL = YES;
				CLANG_ANALYZER_NUMBER_OBJECT_CONVERSION = YES_AGGRESSIVE;
				CLANG_CXX_LANGUAGE_STANDARD = "gnu++20";
				CLANG_ENABLE_MODULES = YES;
				CLANG_ENABLE_OBJC_ARC = YES;
				CLANG_ENABLE_OBJC_WEAK = YES;
				CLANG_WARN_BLOCK_CAPTURE_AUTORELEASING = YES;
				CLANG_WARN_BOOL_CONVERSION = YES;
				CLANG_WARN_COMMA = YES;
				CLANG_WARN_CONSTANT_CONVERSION = YES;
				CLANG_WARN_DEPRECATED_OBJC_IMPLEMENTATIONS = YES;
				CLANG_WARN_DIRECT_OBJC_ISA_USAGE = YES_ERROR;
				CLANG_WARN_DOCUMENTATION_COMMENTS = YES;
				CLANG_WARN_EMPTY_BODY = YES;
				CLANG_WARN_ENUM_CONVERSION = YES;
				CLANG_WARN_INFINITE_RECURSION = YES;
				CLANG_WARN_INT_CONVERSION = YES;
				CLANG_WARN_NON_LITERAL_NULL_CONVERSION = YES;
				CLANG_WARN_OBJC_IMPLICIT_RETAIN_SELF = YES;
				CLANG_WARN_OBJC_LITERAL_CONVERSION = YES;
				CLANG_WARN_OBJC_ROOT_CLASS = YES_ERROR;
				CLANG_WARN_QUOTED_INCLUDE_IN_FRAMEWORK_HEADER = YES;
				CLANG_WARN_RANGE_LOOP_ANALYSIS = YES;
				CLANG_WARN_STRICT_PROTOTYPES = YES;
				CLANG_WARN_SUSPICIOUS_MOVE = YES;
				CLANG_WARN_UNGUARDED_AVAILABILITY = YES_AGGRESSIVE;
				CLANG_WARN_UNREACHABLE_CODE = YES;
				CLANG_WARN__DUPLICATE_METHOD_MATCH = YES;
				COPY_PHASE_STRIP = NO;
				DEBUG_INFORMATION_FORMAT = "dwarf-with-dsym";
				ENABLE_NS_ASSERTIONS = NO;
				ENABLE_STRICT_OBJC_MSGSEND = YES;
				ENABLE_USER_SCRIPT_SANDBOXING = YES;
				GCC_C_LANGUAGE_STANDARD = gnu17;
				GCC_NO_COMMON_BLOCKS = YES;
				GCC_WARN_64_TO_32_BIT_CONVERSION = YES;
				GCC_WARN_ABOUT_RETURN_TYPE = YES_ERROR;
				GCC_WARN_UNDECLARED_SELECTOR = YES;
				GCC_WARN_UNINITIALIZED_AUTOS = YES_AGGRESSIVE;
				GCC_WARN_UNUSED_FUNCTION = YES;
				GCC_WARN_UNUSED_VARIABLE = YES;
				IPHONEOS_DEPLOYMENT_TARGET = 26.0;
				LOCALIZATION_PREFERS_STRING_CATALOGS = YES;
				MTL_ENABLE_DEBUG_INFO = NO;
				MTL_FAST_MATH = YES;
				SDKROOT = iphoneos;
				SWIFT_COMPILATION_MODE = wholemodule;
				VALIDATE_PRODUCT = YES;
			};
			name = Release;
		};
/* End XCBuildConfiguration section */

/* Begin XCConfigurationList section */
		42F646C92E96883B00B82F72 /* Build configuration list for PBXProject "CollectionApp" */ = {
			isa = XCConfigurationList;
			buildConfigurations = (
				42F646E42E96883D00B82F72 /* Debug configuration for PBXProject "CollectionApp" */,
				42F646E52E96883D00B82F72 /* Release configuration for PBXProject "CollectionApp" */,
			);
			defaultConfigurationName = Release;
		};
		42F646E12E96883D00B82F72 /* Build configuration list for PBXNativeTarget "CollectionApp" */ = {
			isa = XCConfigurationList;
			buildConfigurations = (
				42F646E22E96883D00B82F72 /* Debug configuration for PBXNativeTarget "CollectionApp" */,
				42F646E32E96883D00B82F72 /* Release configuration for PBXNativeTarget "CollectionApp" */,
			);
			defaultConfigurationName = Release;
		};
/* End XCConfigurationList section */
	};
	rootObject = 42F646C62E96883B00B82F72 /* Project object */;
}
